github.com/davecgh/go-spew v1.1.1 h1:vj9j/u1bqnvCEfJOwUhtlOARqs3+rkHYY13jYWTU97c=
github.com/davecgh/go-spew v1.1.1/go.mod h1:J7Y8YcW2NihsgmVo/mv3lAwl/skON4iLHjSsI+c5H38=
github.com/segmentio/analytics-go v3.1.0+incompatible h1:IyiOfUgQFVHvsykKKbdI7ZsH374uv3/DfZUo9+G0Z80=
github.com/segmentio/analytics-go v3.1.0+incompatible/go.mod h1:C7CYBtQWk4vRk2RyLu0qOcbHJ18E3F1HV2C/8JvKN48=
github.com/segmentio/backo-go v1.1.0 h1:cJIfHQUdmLsd8t9IXqf5J8SdrOMn9vMa7cIvOavHAhc=
github.com/segmentio/backo-go v1.1.0/go.mod h1:ckenwdf+v/qbyhVdNPWHnqh2YdJBED1O9cidYyM5J18=
github.com/xtgo/uuid v0.0.0-20140804021211-a0b114877d4c h1:3lbZUMbMiGUW/LMkfsEABsc5zNT9+b1CvsJx47JzJ8g=
github.com/xtgo/uuid v0.0.0-20140804021211-a0b114877d4c/go.mod h1:UrdRz5enIKZ63MEE3IF9l2/ebyx59GyGgPi+tICQdmM=
